{
  "nodes": {
    "flakeNimbleLib": {
      "inputs": {
        "nixpkgs": [
          "nixpkgs"
        ]
      },
      "locked": {
        "lastModified": 1662018438,
        "narHash": "sha256-QtNtU6+LX3Wokxf0zlFwKTFOcn6TeDjKQZ+DA9OYtvM=",
        "owner": "riinr",
        "repo": "nim-flakes-lib",
        "rev": "b1fe8340736e3a85d25c709ac3dfd82a55c03cbf",
        "type": "github"
      },
      "original": {
        "owner": "riinr",
        "ref": "master",
        "repo": "nim-flakes-lib",
        "type": "github"
      }
    },
    "nixpkgs": {
      "locked": {
        "lastModified": 1667199707,
        "narHash": "sha256-I2Js3Y7gUyVSEXPULHlBoRek4Lh85vnevdS6mdvDNLI=",
        "owner": "NixOS",
        "repo": "nixpkgs",
        "rev": "ced197be72099edcfa68ebed8b87af7b04851f45",
        "type": "github"
      },
      "original": {
        "id": "nixpkgs",
        "type": "indirect"
      }
    },
    "root": {
      "inputs": {
        "flakeNimbleLib": "flakeNimbleLib",
        "nixpkgs": "nixpkgs",
        "src-shell-master": "src-shell-master"
      }
    },
    "src-shell-master": {
      "flake": false,
      "locked": {
        "lastModified": 1666258252,
        "narHash": "sha256-Sr5nvDm7LiuCu1pVIXZ8+Xm4GiR7WroljCRo7awfr+4=",
        "owner": "Vindaar",
        "repo": "shell",
        "rev": "b9f0e9691241639638743c7c9f289797bdbd92b1",
        "type": "github"
      },
      "original": {
        "owner": "Vindaar",
        "ref": "refs/heads/master",
        "repo": "shell",
        "type": "github"
      }
    }
  },
  "root": "root",
  "version": 7
}
